// !$*UTF8*$!
{
	archiveVersion = 1;
	classes = {
	};
	objectVersion = 55;
	objects = {

/* Begin PBXBuildFile section */
		760FF3CFAFAF139975529341 /* Pods_Swift_Food.framework in Frameworks */ = {isa = PBXBuildFile; fileRef = 093293B23FB65E4DA9E91DF6 /* Pods_Swift_Food.framework */; };
		9B0B2E202800373F0033FEF0 /* AppDelegate.swift in Sources */ = {isa = PBXBuildFile; fileRef = 9B0B2E1F2800373F0033FEF0 /* AppDelegate.swift */; };
		9B0B2E222800373F0033FEF0 /* SceneDelegate.swift in Sources */ = {isa = PBXBuildFile; fileRef = 9B0B2E212800373F0033FEF0 /* SceneDelegate.swift */; };
		9B0B2E242800373F0033FEF0 /* ViewController.swift in Sources */ = {isa = PBXBuildFile; fileRef = 9B0B2E232800373F0033FEF0 /* ViewController.swift */; };
		9B0B2E272800373F0033FEF0 /* Main.storyboard in Resources */ = {isa = PBXBuildFile; fileRef = 9B0B2E252800373F0033FEF0 /* Main.storyboard */; };
		9B0B2E292800373F0033FEF0 /* Assets.xcassets in Resources */ = {isa = PBXBuildFile; fileRef = 9B0B2E282800373F0033FEF0 /* Assets.xcassets */; };
		9B0B2E2C2800373F0033FEF0 /* LaunchScreen.storyboard in Resources */ = {isa = PBXBuildFile; fileRef = 9B0B2E2A2800373F0033FEF0 /* LaunchScreen.storyboard */; };
		9B2122042802410E006B7EFC /* HomeViewController.swift in Sources */ = {isa = PBXBuildFile; fileRef = 9B2122032802410E006B7EFC /* HomeViewController.swift */; };
		9B21220C28028A34006B7EFC /* CategoryCollectionViewCell.swift in Sources */ = {isa = PBXBuildFile; fileRef = 9B21220A28028A34006B7EFC /* CategoryCollectionViewCell.swift */; };
		9B21220D28028A34006B7EFC /* CategoryCollectionViewCell.xib in Resources */ = {isa = PBXBuildFile; fileRef = 9B21220B28028A34006B7EFC /* CategoryCollectionViewCell.xib */; };
		9B21220F28028F0E006B7EFC /* DishCategory.swift in Sources */ = {isa = PBXBuildFile; fileRef = 9B21220E28028F0E006B7EFC /* DishCategory.swift */; };
		9B4C2502280107BA00B78BA1 /* OnboardingViewController.swift in Sources */ = {isa = PBXBuildFile; fileRef = 9B4C2501280107BA00B78BA1 /* OnboardingViewController.swift */; };
		9B4C250528010D4300B78BA1 /* UIView+Extension.swift in Sources */ = {isa = PBXBuildFile; fileRef = 9B4C250428010D4300B78BA1 /* UIView+Extension.swift */; };
		9B4C250728010FEF00B78BA1 /* OnboardingSlide.swift in Sources */ = {isa = PBXBuildFile; fileRef = 9B4C250628010FEF00B78BA1 /* OnboardingSlide.swift */; };
		9B4C25092801146900B78BA1 /* OnboardingCollectionViewCell.swift in Sources */ = {isa = PBXBuildFile; fileRef = 9B4C25082801146900B78BA1 /* OnboardingCollectionViewCell.swift */; };
		9B4FD9892804D46F0059CDFF /* DishListTableViewCell.swift in Sources */ = {isa = PBXBuildFile; fileRef = 9B4FD9872804D46F0059CDFF /* DishListTableViewCell.swift */; };
		9B4FD98A2804D46F0059CDFF /* DishListTableViewCell.xib in Resources */ = {isa = PBXBuildFile; fileRef = 9B4FD9882804D46F0059CDFF /* DishListTableViewCell.xib */; };
		9B4FD98E2804DCA90059CDFF /* ListDishesViewController.swift in Sources */ = {isa = PBXBuildFile; fileRef = 9B4FD98D2804DCA90059CDFF /* ListDishesViewController.swift */; };
		9B81E64F280291A7000169ED /* String+Extension.swift in Sources */ = {isa = PBXBuildFile; fileRef = 9B81E64E280291A7000169ED /* String+Extension.swift */; };
		9B81E652280298F2000169ED /* CardView.swift in Sources */ = {isa = PBXBuildFile; fileRef = 9B81E651280298F2000169ED /* CardView.swift */; };
		9B81E6582802C77F000169ED /* DishPortraitCollectionViewCell.swift in Sources */ = {isa = PBXBuildFile; fileRef = 9B81E6562802C77F000169ED /* DishPortraitCollectionViewCell.swift */; };
		9B81E6592802C77F000169ED /* DishPortraitCollectionViewCell.xib in Resources */ = {isa = PBXBuildFile; fileRef = 9B81E6572802C77F000169ED /* DishPortraitCollectionViewCell.xib */; };
		9B81E65B2802CA3B000169ED /* Dish.swift in Sources */ = {isa = PBXBuildFile; fileRef = 9B81E65A2802CA3B000169ED /* Dish.swift */; };
		9B81E6602803079D000169ED /* DishLandscapeCollectionViewCell.swift in Sources */ = {isa = PBXBuildFile; fileRef = 9B81E65E2803079D000169ED /* DishLandscapeCollectionViewCell.swift */; };
		9B81E6612803079D000169ED /* DishLandscapeCollectionViewCell.xib in Resources */ = {isa = PBXBuildFile; fileRef = 9B81E65F2803079D000169ED /* DishLandscapeCollectionViewCell.xib */; };
		9B81E664280385CF000169ED /* DishDetailViewController.swift in Sources */ = {isa = PBXBuildFile; fileRef = 9B81E663280385CF000169ED /* DishDetailViewController.swift */; };
		9B81E66628038864000169ED /* UIViewController+Extension.swift in Sources */ = {isa = PBXBuildFile; fileRef = 9B81E66528038864000169ED /* UIViewController+Extension.swift */; };
/* End PBXBuildFile section */

/* Begin PBXFileReference section */
		093293B23FB65E4DA9E91DF6 /* Pods_Swift_Food.framework */ = {isa = PBXFileReference; explicitFileType = wrapper.framework; includeInIndex = 0; path = Pods_Swift_Food.framework; sourceTree = BUILT_PRODUCTS_DIR; };
		9231DA50833F401B89C515C0 /* Pods-Swift_Food.release.xcconfig */ = {isa = PBXFileReference; includeInIndex = 1; lastKnownFileType = text.xcconfig; name = "Pods-Swift_Food.release.xcconfig"; path = "Target Support Files/Pods-Swift_Food/Pods-Swift_Food.release.xcconfig"; sourceTree = "<group>"; };
		9B0B2E1C2800373F0033FEF0 /* Swift_Food.app */ = {isa = PBXFileReference; explicitFileType = wrapper.application; includeInIndex = 0; path = Swift_Food.app; sourceTree = BUILT_PRODUCTS_DIR; };
		9B0B2E1F2800373F0033FEF0 /* AppDelegate.swift */ = {isa = PBXFileReference; lastKnownFileType = sourcecode.swift; path = AppDelegate.swift; sourceTree = "<group>"; };
		9B0B2E212800373F0033FEF0 /* SceneDelegate.swift */ = {isa = PBXFileReference; lastKnownFileType = sourcecode.swift; path = SceneDelegate.swift; sourceTree = "<group>"; };
		9B0B2E232800373F0033FEF0 /* ViewController.swift */ = {isa = PBXFileReference; lastKnownFileType = sourcecode.swift; path = ViewController.swift; sourceTree = "<group>"; };
		9B0B2E262800373F0033FEF0 /* Base */ = {isa = PBXFileReference; lastKnownFileType = file.storyboard; name = Base; path = Base.lproj/Main.storyboard; sourceTree = "<group>"; };
		9B0B2E282800373F0033FEF0 /* Assets.xcassets */ = {isa = PBXFileReference; lastKnownFileType = folder.assetcatalog; path = Assets.xcassets; sourceTree = "<group>"; };
		9B0B2E2B2800373F0033FEF0 /* Base */ = {isa = PBXFileReference; lastKnownFileType = file.storyboard; name = Base; path = Base.lproj/LaunchScreen.storyboard; sourceTree = "<group>"; };
		9B0B2E2D2800373F0033FEF0 /* Info.plist */ = {isa = PBXFileReference; lastKnownFileType = text.plist.xml; path = Info.plist; sourceTree = "<group>"; };
		9B2122032802410E006B7EFC /* HomeViewController.swift */ = {isa = PBXFileReference; lastKnownFileType = sourcecode.swift; path = HomeViewController.swift; sourceTree = "<group>"; };
		9B21220A28028A34006B7EFC /* CategoryCollectionViewCell.swift */ = {isa = PBXFileReference; lastKnownFileType = sourcecode.swift; path = CategoryCollectionViewCell.swift; sourceTree = "<group>"; };
		9B21220B28028A34006B7EFC /* CategoryCollectionViewCell.xib */ = {isa = PBXFileReference; lastKnownFileType = file.xib; path = CategoryCollectionViewCell.xib; sourceTree = "<group>"; };
		9B21220E28028F0E006B7EFC /* DishCategory.swift */ = {isa = PBXFileReference; lastKnownFileType = sourcecode.swift; path = DishCategory.swift; sourceTree = "<group>"; };
		9B3FD43A464FAF1B4FF2C760 /* Pods-Swift_Food.debug.xcconfig */ = {isa = PBXFileReference; includeInIndex = 1; lastKnownFileType = text.xcconfig; name = "Pods-Swift_Food.debug.xcconfig"; path = "Target Support Files/Pods-Swift_Food/Pods-Swift_Food.debug.xcconfig"; sourceTree = "<group>"; };
		9B4C2501280107BA00B78BA1 /* OnboardingViewController.swift */ = {isa = PBXFileReference; lastKnownFileType = sourcecode.swift; path = OnboardingViewController.swift; sourceTree = "<group>"; };
		9B4C250428010D4300B78BA1 /* UIView+Extension.swift */ = {isa = PBXFileReference; lastKnownFileType = sourcecode.swift; path = "UIView+Extension.swift"; sourceTree = "<group>"; };
		9B4C250628010FEF00B78BA1 /* OnboardingSlide.swift */ = {isa = PBXFileReference; lastKnownFileType = sourcecode.swift; path = OnboardingSlide.swift; sourceTree = "<group>"; };
		9B4C25082801146900B78BA1 /* OnboardingCollectionViewCell.swift */ = {isa = PBXFileReference; lastKnownFileType = sourcecode.swift; path = OnboardingCollectionViewCell.swift; sourceTree = "<group>"; };
		9B4FD9872804D46F0059CDFF /* DishListTableViewCell.swift */ = {isa = PBXFileReference; lastKnownFileType = sourcecode.swift; path = DishListTableViewCell.swift; sourceTree = "<group>"; };
		9B4FD9882804D46F0059CDFF /* DishListTableViewCell.xib */ = {isa = PBXFileReference; lastKnownFileType = file.xib; path = DishListTableViewCell.xib; sourceTree = "<group>"; };
		9B4FD98D2804DCA90059CDFF /* ListDishesViewController.swift */ = {isa = PBXFileReference; lastKnownFileType = sourcecode.swift; path = ListDishesViewController.swift; sourceTree = "<group>"; };
		9B81E64E280291A7000169ED /* String+Extension.swift */ = {isa = PBXFileReference; lastKnownFileType = sourcecode.swift; path = "String+Extension.swift"; sourceTree = "<group>"; };
		9B81E651280298F2000169ED /* CardView.swift */ = {isa = PBXFileReference; lastKnownFileType = sourcecode.swift; path = CardView.swift; sourceTree = "<group>"; };
		9B81E6562802C77F000169ED /* DishPortraitCollectionViewCell.swift */ = {isa = PBXFileReference; lastKnownFileType = sourcecode.swift; path = DishPortraitCollectionViewCell.swift; sourceTree = "<group>"; };
		9B81E6572802C77F000169ED /* DishPortraitCollectionViewCell.xib */ = {isa = PBXFileReference; lastKnownFileType = file.xib; path = DishPortraitCollectionViewCell.xib; sourceTree = "<group>"; };
		9B81E65A2802CA3B000169ED /* Dish.swift */ = {isa = PBXFileReference; lastKnownFileType = sourcecode.swift; path = Dish.swift; sourceTree = "<group>"; };
		9B81E65E2803079D000169ED /* DishLandscapeCollectionViewCell.swift */ = {isa = PBXFileReference; lastKnownFileType = sourcecode.swift; path = DishLandscapeCollectionViewCell.swift; sourceTree = "<group>"; };
		9B81E65F2803079D000169ED /* DishLandscapeCollectionViewCell.xib */ = {isa = PBXFileReference; lastKnownFileType = file.xib; path = DishLandscapeCollectionViewCell.xib; sourceTree = "<group>"; };
		9B81E663280385CF000169ED /* DishDetailViewController.swift */ = {isa = PBXFileReference; lastKnownFileType = sourcecode.swift; path = DishDetailViewController.swift; sourceTree = "<group>"; };
		9B81E66528038864000169ED /* UIViewController+Extension.swift */ = {isa = PBXFileReference; lastKnownFileType = sourcecode.swift; path = "UIViewController+Extension.swift"; sourceTree = "<group>"; };
/* End PBXFileReference section */

/* Begin PBXFrameworksBuildPhase section */
		9B0B2E192800373F0033FEF0 /* Frameworks */ = {
			isa = PBXFrameworksBuildPhase;
			buildActionMask = 2147483647;
			files = (
				760FF3CFAFAF139975529341 /* Pods_Swift_Food.framework in Frameworks */,
			);
			runOnlyForDeploymentPostprocessing = 0;
		};
/* End PBXFrameworksBuildPhase section */

/* Begin PBXGroup section */
		9B0B2E132800373F0033FEF0 = {
			isa = PBXGroup;
			children = (
				9B0B2E1E2800373F0033FEF0 /* Swift_Food */,
				9B0B2E1D2800373F0033FEF0 /* Products */,
				DEF403A4715AC054779DE5B0 /* Pods */,
				B80B0A9626CCC815E5D75FB2 /* Frameworks */,
			);
			sourceTree = "<group>";
		};
		9B0B2E1D2800373F0033FEF0 /* Products */ = {
			isa = PBXGroup;
			children = (
				9B0B2E1C2800373F0033FEF0 /* Swift_Food.app */,
			);
			name = Products;
			sourceTree = "<group>";
		};
		9B0B2E1E2800373F0033FEF0 /* Swift_Food */ = {
			isa = PBXGroup;
			children = (
				9B4C250328010D3300B78BA1 /* Extensions */,
				9B4C24FF2801070E00B78BA1 /* CustomViews */,
				9B4C24FE2801070600B78BA1 /* Views */,
				9B4C24FD280106FB00B78BA1 /* Models */,
				9B0B2E1F2800373F0033FEF0 /* AppDelegate.swift */,
				9B0B2E212800373F0033FEF0 /* SceneDelegate.swift */,
				9B0B2E232800373F0033FEF0 /* ViewController.swift */,
				9B0B2E252800373F0033FEF0 /* Main.storyboard */,
				9B0B2E282800373F0033FEF0 /* Assets.xcassets */,
				9B0B2E2A2800373F0033FEF0 /* LaunchScreen.storyboard */,
				9B0B2E2D2800373F0033FEF0 /* Info.plist */,
			);
			path = Swift_Food;
			sourceTree = "<group>";
		};
		9B212202280240E2006B7EFC /* Home */ = {
			isa = PBXGroup;
			children = (
				9B2122032802410E006B7EFC /* HomeViewController.swift */,
			);
			path = Home;
			sourceTree = "<group>";
		};
		9B2122052802899D006B7EFC /* CollectionViewCells */ = {
			isa = PBXGroup;
			children = (
				9B81E65C28030769000169ED /* DishLandscapeCollectionViewCell */,
				9B81E6532802C73B000169ED /* DishPortraitCollectionViewCell */,
				9B212206280289A9006B7EFC /* CategoryCollectionViewCell */,
			);
			path = CollectionViewCells;
			sourceTree = "<group>";
		};
		9B212206280289A9006B7EFC /* CategoryCollectionViewCell */ = {
			isa = PBXGroup;
			children = (
				9B21220A28028A34006B7EFC /* CategoryCollectionViewCell.swift */,
				9B21220B28028A34006B7EFC /* CategoryCollectionViewCell.xib */,
			);
			path = CategoryCollectionViewCell;
			sourceTree = "<group>";
		};
		9B4C24FD280106FB00B78BA1 /* Models */ = {
			isa = PBXGroup;
			children = (
				9B4C250628010FEF00B78BA1 /* OnboardingSlide.swift */,
				9B21220E28028F0E006B7EFC /* DishCategory.swift */,
				9B81E65A2802CA3B000169ED /* Dish.swift */,
			);
			path = Models;
			sourceTree = "<group>";
		};
		9B4C24FE2801070600B78BA1 /* Views */ = {
			isa = PBXGroup;
			children = (
				9B4FD98B2804DC790059CDFF /* ListDishes */,
				9B81E662280385B6000169ED /* DishDetail */,
				9B212202280240E2006B7EFC /* Home */,
				9B4C25002801071900B78BA1 /* Onboarding */,
			);
			path = Views;
			sourceTree = "<group>";
		};
		9B4C24FF2801070E00B78BA1 /* CustomViews */ = {
			isa = PBXGroup;
			children = (
				9B4FD9832804D3EC0059CDFF /* TableViewCells */,
				9B81E650280298E7000169ED /* CardView */,
				9B2122052802899D006B7EFC /* CollectionViewCells */,
			);
			path = CustomViews;
			sourceTree = "<group>";
		};
		9B4C25002801071900B78BA1 /* Onboarding */ = {
			isa = PBXGroup;
			children = (
				9B4C2501280107BA00B78BA1 /* OnboardingViewController.swift */,
				9B4C25082801146900B78BA1 /* OnboardingCollectionViewCell.swift */,
			);
			path = Onboarding;
			sourceTree = "<group>";
		};
		9B4C250328010D3300B78BA1 /* Extensions */ = {
			isa = PBXGroup;
			children = (
				9B4C250428010D4300B78BA1 /* UIView+Extension.swift */,
				9B81E64E280291A7000169ED /* String+Extension.swift */,
				9B81E66528038864000169ED /* UIViewController+Extension.swift */,
			);
			path = Extensions;
			sourceTree = "<group>";
		};
		9B4FD9832804D3EC0059CDFF /* TableViewCells */ = {
			isa = PBXGroup;
			children = (
				9B4FD9842804D4010059CDFF /* DishListTableViewCell */,
			);
			path = TableViewCells;
			sourceTree = "<group>";
		};
		9B4FD9842804D4010059CDFF /* DishListTableViewCell */ = {
			isa = PBXGroup;
			children = (
				9B4FD9872804D46F0059CDFF /* DishListTableViewCell.swift */,
				9B4FD9882804D46F0059CDFF /* DishListTableViewCell.xib */,
			);
			path = DishListTableViewCell;
			sourceTree = "<group>";
		};
		9B4FD98B2804DC790059CDFF /* ListDishes */ = {
			isa = PBXGroup;
			children = (
				9B4FD98D2804DCA90059CDFF /* ListDishesViewController.swift */,
			);
			path = ListDishes;
			sourceTree = "<group>";
		};
		9B81E650280298E7000169ED /* CardView */ = {
			isa = PBXGroup;
			children = (
				9B81E651280298F2000169ED /* CardView.swift */,
			);
			path = CardView;
			sourceTree = "<group>";
		};
		9B81E6532802C73B000169ED /* DishPortraitCollectionViewCell */ = {
			isa = PBXGroup;
			children = (
				9B81E6562802C77F000169ED /* DishPortraitCollectionViewCell.swift */,
				9B81E6572802C77F000169ED /* DishPortraitCollectionViewCell.xib */,
			);
			path = DishPortraitCollectionViewCell;
			sourceTree = "<group>";
		};
		9B81E65C28030769000169ED /* DishLandscapeCollectionViewCell */ = {
			isa = PBXGroup;
			children = (
				9B81E65E2803079D000169ED /* DishLandscapeCollectionViewCell.swift */,
				9B81E65F2803079D000169ED /* DishLandscapeCollectionViewCell.xib */,
			);
			path = DishLandscapeCollectionViewCell;
			sourceTree = "<group>";
		};
		9B81E662280385B6000169ED /* DishDetail */ = {
			isa = PBXGroup;
			children = (
				9B81E663280385CF000169ED /* DishDetailViewController.swift */,
			);
			path = DishDetail;
			sourceTree = "<group>";
		};
		B80B0A9626CCC815E5D75FB2 /* Frameworks */ = {
			isa = PBXGroup;
			children = (
				093293B23FB65E4DA9E91DF6 /* Pods_Swift_Food.framework */,
			);
			name = Frameworks;
			sourceTree = "<group>";
		};
		DEF403A4715AC054779DE5B0 /* Pods */ = {
			isa = PBXGroup;
			children = (
				9B3FD43A464FAF1B4FF2C760 /* Pods-Swift_Food.debug.xcconfig */,
				9231DA50833F401B89C515C0 /* Pods-Swift_Food.release.xcconfig */,
			);
			path = Pods;
			sourceTree = "<group>";
		};
/* End PBXGroup section */

/* Begin PBXNativeTarget section */
		9B0B2E1B2800373F0033FEF0 /* Swift_Food */ = {
			isa = PBXNativeTarget;
			buildConfigurationList = 9B0B2E302800373F0033FEF0 /* Build configuration list for PBXNativeTarget "Swift_Food" */;
			buildPhases = (
				CF18896571BC26D54E34C5C1 /* [CP] Check Pods Manifest.lock */,
				9B0B2E182800373F0033FEF0 /* Sources */,
				9B0B2E192800373F0033FEF0 /* Frameworks */,
				9B0B2E1A2800373F0033FEF0 /* Resources */,
				2FA47C94E0B2599072AFA248 /* [CP] Embed Pods Frameworks */,
			);
			buildRules = (
			);
			dependencies = (
			);
			name = Swift_Food;
			productName = Swift_Food;
			productReference = 9B0B2E1C2800373F0033FEF0 /* Swift_Food.app */;
			productType = "com.apple.product-type.application";
		};
/* End PBXNativeTarget section */

/* Begin PBXProject section */
		9B0B2E142800373F0033FEF0 /* Project object */ = {
			isa = PBXProject;
			attributes = {
				BuildIndependentTargetsInParallel = 1;
				LastSwiftUpdateCheck = 1330;
				LastUpgradeCheck = 1330;
				TargetAttributes = {
					9B0B2E1B2800373F0033FEF0 = {
						CreatedOnToolsVersion = 13.3;
					};
				};
			};
			buildConfigurationList = 9B0B2E172800373F0033FEF0 /* Build configuration list for PBXProject "Swift_Food" */;
			compatibilityVersion = "Xcode 13.0";
			developmentRegion = en;
			hasScannedForEncodings = 0;
			knownRegions = (
				en,
				Base,
			);
			mainGroup = 9B0B2E132800373F0033FEF0;
			productRefGroup = 9B0B2E1D2800373F0033FEF0 /* Products */;
			projectDirPath = "";
			projectRoot = "";
			targets = (
				9B0B2E1B2800373F0033FEF0 /* Swift_Food */,
			);
		};
/* End PBXProject section */

/* Begin PBXResourcesBuildPhase section */
		9B0B2E1A2800373F0033FEF0 /* Resources */ = {
			isa = PBXResourcesBuildPhase;
			buildActionMask = 2147483647;
			files = (
				9B21220D28028A34006B7EFC /* CategoryCollectionViewCell.xib in Resources */,
				9B4FD98A2804D46F0059CDFF /* DishListTableViewCell.xib in Resources */,
				9B0B2E2C2800373F0033FEF0 /* LaunchScreen.storyboard in Resources */,
				9B81E6592802C77F000169ED /* DishPortraitCollectionViewCell.xib in Resources */,
				9B0B2E292800373F0033FEF0 /* Assets.xcassets in Resources */,
				9B81E6612803079D000169ED /* DishLandscapeCollectionViewCell.xib in Resources */,
				9B0B2E272800373F0033FEF0 /* Main.storyboard in Resources */,
			);
			runOnlyForDeploymentPostprocessing = 0;
		};
/* End PBXResourcesBuildPhase section */

/* Begin PBXShellScriptBuildPhase section */
		2FA47C94E0B2599072AFA248 /* [CP] Embed Pods Frameworks */ = {
			isa = PBXShellScriptBuildPhase;
			buildActionMask = 2147483647;
			files = (
			);
			inputFileListPaths = (
				"${PODS_ROOT}/Target Support Files/Pods-Swift_Food/Pods-Swift_Food-frameworks-${CONFIGURATION}-input-files.xcfilelist",
			);
			name = "[CP] Embed Pods Frameworks";
			outputFileListPaths = (
				"${PODS_ROOT}/Target Support Files/Pods-Swift_Food/Pods-Swift_Food-frameworks-${CONFIGURATION}-output-files.xcfilelist",
			);
			runOnlyForDeploymentPostprocessing = 0;
			shellPath = /bin/sh;
			shellScript = "\"${PODS_ROOT}/Target Support Files/Pods-Swift_Food/Pods-Swift_Food-frameworks.sh\"\n";
			showEnvVarsInLog = 0;
		};
		CF18896571BC26D54E34C5C1 /* [CP] Check Pods Manifest.lock */ = {
			isa = PBXShellScriptBuildPhase;
			buildActionMask = 2147483647;
			files = (
			);
			inputFileListPaths = (
			);
			inputPaths = (
				"${PODS_PODFILE_DIR_PATH}/Podfile.lock",
				"${PODS_ROOT}/Manifest.lock",
			);
			name = "[CP] Check Pods Manifest.lock";
			outputFileListPaths = (
			);
			outputPaths = (
				"$(DERIVED_FILE_DIR)/Pods-Swift_Food-checkManifestLockResult.txt",
			);
			runOnlyForDeploymentPostprocessing = 0;
			shellPath = /bin/sh;
			shellScript = "diff \"${PODS_PODFILE_DIR_PATH}/Podfile.lock\" \"${PODS_ROOT}/Manifest.lock\" > /dev/null\nif [ $? != 0 ] ; then\n    # print error to STDERR\n    echo \"error: The sandbox is not in sync with the Podfile.lock. Run 'pod install' or update your CocoaPods installation.\" >&2\n    exit 1\nfi\n# This output is used by Xcode 'outputs' to avoid re-running this script phase.\necho \"SUCCESS\" > \"${SCRIPT_OUTPUT_FILE_0}\"\n";
			showEnvVarsInLog = 0;
		};
/* End PBXShellScriptBuildPhase section */

/* Begin PBXSourcesBuildPhase section */
		9B0B2E182800373F0033FEF0 /* Sources */ = {
			isa = PBXSourcesBuildPhase;
			buildActionMask = 2147483647;
			files = (
				9B4FD98E2804DCA90059CDFF /* ListDishesViewController.swift in Sources */,
				9B0B2E242800373F0033FEF0 /* ViewController.swift in Sources */,
				9B81E64F280291A7000169ED /* String+Extension.swift in Sources */,
				9B81E6602803079D000169ED /* DishLandscapeCollectionViewCell.swift in Sources */,
				9B81E664280385CF000169ED /* DishDetailViewController.swift in Sources */,
				9B81E66628038864000169ED /* UIViewController+Extension.swift in Sources */,
				9B4FD9892804D46F0059CDFF /* DishListTableViewCell.swift in Sources */,
				9B21220F28028F0E006B7EFC /* DishCategory.swift in Sources */,
				9B0B2E202800373F0033FEF0 /* AppDelegate.swift in Sources */,
				9B0B2E222800373F0033FEF0 /* SceneDelegate.swift in Sources */,
				9B2122042802410E006B7EFC /* HomeViewController.swift in Sources */,
				9B81E6582802C77F000169ED /* DishPortraitCollectionViewCell.swift in Sources */,
				9B21220C28028A34006B7EFC /* CategoryCollectionViewCell.swift in Sources */,
				9B4C250528010D4300B78BA1 /* UIView+Extension.swift in Sources */,
				9B81E65B2802CA3B000169ED /* Dish.swift in Sources */,
				9B4C250728010FEF00B78BA1 /* OnboardingSlide.swift in Sources */,
				9B4C25092801146900B78BA1 /* OnboardingCollectionViewCell.swift in Sources */,
				9B81E652280298F2000169ED /* CardView.swift in Sources */,
				9B4C2502280107BA00B78BA1 /* OnboardingViewController.swift in Sources */,
			);
			runOnlyForDeploymentPostprocessing = 0;
		};
/* End PBXSourcesBuildPhase section */

/* Begin PBXVariantGroup section */
		9B0B2E252800373F0033FEF0 /* Main.storyboard */ = {
			isa = PBXVariantGroup;
			children = (
				9B0B2E262800373F0033FEF0 /* Base */,
			);
			name = Main.storyboard;
			sourceTree = "<group>";
		};
		9B0B2E2A2800373F0033FEF0 /* LaunchScreen.storyboard */ = {
			isa = PBXVariantGroup;
			children = (
				9B0B2E2B2800373F0033FEF0 /* Base */,
			);
			name = LaunchScreen.storyboard;
			sourceTree = "<group>";
		};
/* End PBXVariantGroup section */

/* Begin XCBuildConfiguration section */
		9B0B2E2E2800373F0033FEF0 /* Debug */ = {
			isa = XCBuildConfiguration;
			buildSettings = {
				ALWAYS_SEARCH_USER_PATHS = NO;
				CLANG_ANALYZER_NONNULL = YES;
				CLANG_ANALYZER_NUMBER_OBJECT_CONVERSION = YES_AGGRESSIVE;
				CLANG_CXX_LANGUAGE_STANDARD = "gnu++17";
				CLANG_ENABLE_MODULES = YES;
				CLANG_ENABLE_OBJC_ARC = YES;
				CLANG_ENABLE_OBJC_WEAK = YES;
				CLANG_WARN_BLOCK_CAPTURE_AUTORELEASING = YES;
				CLANG_WARN_BOOL_CONVERSION = YES;
				CLANG_WARN_COMMA = YES;
				CLANG_WARN_CONSTANT_CONVERSION = YES;
				CLANG_WARN_DEPRECATED_OBJC_IMPLEMENTATIONS = YES;
				CLANG_WARN_DIRECT_OBJC_ISA_USAGE = YES_ERROR;
				CLANG_WARN_DOCUMENTATION_COMMENTS = YES;
				CLANG_WARN_EMPTY_BODY = YES;
				CLANG_WARN_ENUM_CONVERSION = YES;
				CLANG_WARN_INFINITE_RECURSION = YES;
				CLANG_WARN_INT_CONVERSION = YES;
				CLANG_WARN_NON_LITERAL_NULL_CONVERSION = YES;
				CLANG_WARN_OBJC_IMPLICIT_RETAIN_SELF = YES;
				CLANG_WARN_OBJC_LITERAL_CONVERSION = YES;
				CLANG_WARN_OBJC_ROOT_CLASS = YES_ERROR;
				CLANG_WARN_QUOTED_INCLUDE_IN_FRAMEWORK_HEADER = YES;
				CLANG_WARN_RANGE_LOOP_ANALYSIS = YES;
				CLANG_WARN_STRICT_PROTOTYPES = YES;
				CLANG_WARN_SUSPICIOUS_MOVE = YES;
				CLANG_WARN_UNGUARDED_AVAILABILITY = YES_AGGRESSIVE;
				CLANG_WARN_UNREACHABLE_CODE = YES;
				CLANG_WARN__DUPLICATE_METHOD_MATCH = YES;
				COPY_PHASE_STRIP = NO;
				DEBUG_INFORMATION_FORMAT = dwarf;
				ENABLE_STRICT_OBJC_MSGSEND = YES;
				ENABLE_TESTABILITY = YES;
				GCC_C_LANGUAGE_STANDARD = gnu11;
				GCC_DYNAMIC_NO_PIC = NO;
				GCC_NO_COMMON_BLOCKS = YES;
				GCC_OPTIMIZATION_LEVEL = 0;
				GCC_PREPROCESSOR_DEFINITIONS = (
					"DEBUG=1",
					"$(inherited)",
				);
				GCC_WARN_64_TO_32_BIT_CONVERSION = YES;
				GCC_WARN_ABOUT_RETURN_TYPE = YES_ERROR;
				GCC_WARN_UNDECLARED_SELECTOR = YES;
				GCC_WARN_UNINITIALIZED_AUTOS = YES_AGGRESSIVE;
				GCC_WARN_UNUSED_FUNCTION = YES;
				GCC_WARN_UNUSED_VARIABLE = YES;
				IPHONEOS_DEPLOYMENT_TARGET = 15.4;
				MTL_ENABLE_DEBUG_INFO = INCLUDE_SOURCE;
				MTL_FAST_MATH = YES;
				ONLY_ACTIVE_ARCH = YES;
				SDKROOT = iphoneos;
				SWIFT_ACTIVE_COMPILATION_CONDITIONS = DEBUG;
				SWIFT_OPTIMIZATION_LEVEL = "-Onone";
			};
			name = Debug;
		};
		9B0B2E2F2800373F0033FEF0 /* Release */ = {
			isa = XCBuildConfiguration;
			buildSettings = {
				ALWAYS_SEARCH_USER_PATHS = NO;
				CLANG_ANALYZER_NONNULL = YES;
				CLANG_ANALYZER_NUMBER_OBJECT_CONVERSION = YES_AGGRESSIVE;
				CLANG_CXX_LANGUAGE_STANDARD = "gnu++17";
				CLANG_ENABLE_MODULES = YES;
				CLANG_ENABLE_OBJC_ARC = YES;
				CLANG_ENABLE_OBJC_WEAK = YES;
				CLANG_WARN_BLOCK_CAPTURE_AUTORELEASING = YES;
				CLANG_WARN_BOOL_CONVERSION = YES;
				CLANG_WARN_COMMA = YES;
				CLANG_WARN_CONSTANT_CONVERSION = YES;
				CLANG_WARN_DEPRECATED_OBJC_IMPLEMENTATIONS = YES;
				CLANG_WARN_DIRECT_OBJC_ISA_USAGE = YES_ERROR;
				CLANG_WARN_DOCUMENTATION_COMMENTS = YES;
				CLANG_WARN_EMPTY_BODY = YES;
				CLANG_WARN_ENUM_CONVERSION = YES;
				CLANG_WARN_INFINITE_RECURSION = YES;
				CLANG_WARN_INT_CONVERSION = YES;
				CLANG_WARN_NON_LITERAL_NULL_CONVERSION = YES;
				CLANG_WARN_OBJC_IMPLICIT_RETAIN_SELF = YES;
				CLANG_WARN_OBJC_LITERAL_CONVERSION = YES;
				CLANG_WARN_OBJC_ROOT_CLASS = YES_ERROR;
				CLANG_WARN_QUOTED_INCLUDE_IN_FRAMEWORK_HEADER = YES;
				CLANG_WARN_RANGE_LOOP_ANALYSIS = YES;
				CLANG_WARN_STRICT_PROTOTYPES = YES;
				CLANG_WARN_SUSPICIOUS_MOVE = YES;
				CLANG_WARN_UNGUARDED_AVAILABILITY = YES_AGGRESSIVE;
				CLANG_WARN_UNREACHABLE_CODE = YES;
				CLANG_WARN__DUPLICATE_METHOD_MATCH = YES;
				COPY_PHASE_STRIP = NO;
				DEBUG_INFORMATION_FORMAT = "dwarf-with-dsym";
				ENABLE_NS_ASSERTIONS = NO;
				ENABLE_STRICT_OBJC_MSGSEND = YES;
				GCC_C_LANGUAGE_STANDARD = gnu11;
				GCC_NO_COMMON_BLOCKS = YES;
				GCC_WARN_64_TO_32_BIT_CONVERSION = YES;
				GCC_WARN_ABOUT_RETURN_TYPE = YES_ERROR;
				GCC_WARN_UNDECLARED_SELECTOR = YES;
				GCC_WARN_UNINITIALIZED_AUTOS = YES_AGGRESSIVE;
				GCC_WARN_UNUSED_FUNCTION = YES;
				GCC_WARN_UNUSED_VARIABLE = YES;
				IPHONEOS_DEPLOYMENT_TARGET = 15.4;
				MTL_ENABLE_DEBUG_INFO = NO;
				MTL_FAST_MATH = YES;
				SDKROOT = iphoneos;
				SWIFT_COMPILATION_MODE = wholemodule;
				SWIFT_OPTIMIZATION_LEVEL = "-O";
				VALIDATE_PRODUCT = YES;
			};
			name = Release;
		};
		9B0B2E312800373F0033FEF0 /* Debug */ = {
			isa = XCBuildConfiguration;
			baseConfigurationReference = 9B3FD43A464FAF1B4FF2C760 /* Pods-Swift_Food.debug.xcconfig */;
			buildSettings = {
				ASSETCATALOG_COMPILER_APPICON_NAME = AppIcon;
				ASSETCATALOG_COMPILER_GLOBAL_ACCENT_COLOR_NAME = AccentColor;
				CODE_SIGN_STYLE = Automatic;
				CURRENT_PROJECT_VERSION = 1;
				DEVELOPMENT_TEAM = JUG5Q2JKZC;
				GENERATE_INFOPLIST_FILE = YES;
				INFOPLIST_FILE = Swift_Food/Info.plist;
				INFOPLIST_KEY_UIApplicationSupportsIndirectInputEvents = YES;
				INFOPLIST_KEY_UILaunchStoryboardName = LaunchScreen;
				INFOPLIST_KEY_UIMainStoryboardFile = Main;
				INFOPLIST_KEY_UISupportedInterfaceOrientations_iPad = "UIInterfaceOrientationPortrait UIInterfaceOrientationPortraitUpsideDown UIInterfaceOrientationLandscapeLeft UIInterfaceOrientationLandscapeRight";
				INFOPLIST_KEY_UISupportedInterfaceOrientations_iPhone = "UIInterfaceOrientationPortrait UIInterfaceOrientationLandscapeLeft UIInterfaceOrientationLandscapeRight";
				LD_RUNPATH_SEARCH_PATHS = (
					"$(inherited)",
					"@executable_path/Frameworks",
				);
				MARKETING_VERSION = 1.0;
				PRODUCT_BUNDLE_IDENTIFIER = "com.app.swift.Swift-Food";
				PRODUCT_NAME = "$(TARGET_NAME)";
				SWIFT_EMIT_LOC_STRINGS = YES;
				SWIFT_VERSION = 5.0;
				TARGETED_DEVICE_FAMILY = 1;
			};
			name = Debug;
		};
		9B0B2E322800373F0033FEF0 /* Release */ = {
			isa = XCBuildConfiguration;
			baseConfigurationReference = 9231DA50833F401B89C515C0 /* Pods-Swift_Food.release.xcconfig */;
			buildSettings = {
				ASSETCATALOG_COMPILER_APPICON_NAME = AppIcon;
				ASSETCATALOG_COMPILER_GLOBAL_ACCENT_COLOR_NAME = AccentColor;
				CODE_SIGN_STYLE = Automatic;
				CURRENT_PROJECT_VERSION = 1;
				DEVELOPMENT_TEAM = JUG5Q2JKZC;
				GENERATE_INFOPLIST_FILE = YES;
				INFOPLIST_FILE = Swift_Food/Info.plist;
				INFOPLIST_KEY_UIApplicationSupportsIndirectInputEvents = YES;
				INFOPLIST_KEY_UILaunchStoryboardName = LaunchScreen;
				INFOPLIST_KEY_UIMainStoryboardFile = Main;
				INFOPLIST_KEY_UISupportedInterfaceOrientations_iPad = "UIInterfaceOrientationPortrait UIInterfaceOrientationPortraitUpsideDown UIInterfaceOrientationLandscapeLeft UIInterfaceOrientationLandscapeRight";
				INFOPLIST_KEY_UISupportedInterfaceOrientations_iPhone = "UIInterfaceOrientationPortrait UIInterfaceOrientationLandscapeLeft UIInterfaceOrientationLandscapeRight";
				LD_RUNPATH_SEARCH_PATHS = (
					"$(inherited)",
					"@executable_path/Frameworks",
				);
				MARKETING_VERSION = 1.0;
				PRODUCT_BUNDLE_IDENTIFIER = "com.app.swift.Swift-Food";
				PRODUCT_NAME = "$(TARGET_NAME)";
				SWIFT_EMIT_LOC_STRINGS = YES;
				SWIFT_VERSION = 5.0;
				TARGETED_DEVICE_FAMILY = 1;
			};
			name = Release;
		};
/* End XCBuildConfiguration section */

/* Begin XCConfigurationList section */
		9B0B2E172800373F0033FEF0 /* Build configuration list for PBXProject "Swift_Food" */ = {
			isa = XCConfigurationList;
			buildConfigurations = (
				9B0B2E2E2800373F0033FEF0 /* Debug */,
				9B0B2E2F2800373F0033FEF0 /* Release */,
			);
			defaultConfigurationIsVisible = 0;
			defaultConfigurationName = Release;
		};
		9B0B2E302800373F0033FEF0 /* Build configuration list for PBXNativeTarget "Swift_Food" */ = {
			isa = XCConfigurationList;
			buildConfigurations = (
				9B0B2E312800373F0033FEF0 /* Debug */,
				9B0B2E322800373F0033FEF0 /* Release */,
			);
			defaultConfigurationIsVisible = 0;
			defaultConfigurationName = Release;
		};
/* End XCConfigurationList section */
	};
	rootObject = 9B0B2E142800373F0033FEF0 /* Project object */;
}
